
Microsoft Visual Studio Solution File, Format Version 12.00
# Visual Studio 14
VisualStudioVersion = 14.0.25420.1
MinimumVisualStudioVersion = 10.0.40219.1
Project("{FAE04EC0-301F-11D3-BF4B-00C04F79EFBC}") = "DZ02", "DZ02\DZ02.csproj", "{5C6B6B89-B9E5-4894-8667-97BCCE1152B7}"
EndProject
Project("{FAE04EC0-301F-11D3-BF4B-00C04F79EFBC}") = "Models", "Models\Models.csproj", "{88DAAA20-E43A-408C-9AD7-1F2856C4C434}"
EndProject
Project("{FAE04EC0-301F-11D3-BF4B-00C04F79EFBC}") = "ModelsTests", "ModelsTests\ModelsTests.csproj", "{A7443230-6CBB-4A81-842C-0722E30A841A}"
EndProject
Project("{FAE04EC0-301F-11D3-BF4B-00C04F79EFBC}") = "Zadatci345", "Zadatci345\Zadatci345.csproj", "{04610491-BF7F-4E6F-80D9-E582003C8180}"
EndProject
Project("{FAE04EC0-301F-11D3-BF4B-00C04F79EFBC}") = "Zadatak6", "Zadatak6\Zadatak6.csproj", "{16D6D74E-3254-49EF-A72E-6D6AC73FCD1F}"
EndProject
Project("{FAE04EC0-301F-11D3-BF4B-00C04F79EFBC}") = "Zadatci78", "Zadatci78\Zadatci78.csproj", "{053DFB0E-F71F-49A4-A594-3B0D5611DE3B}"
EndProject
Global
	GlobalSection(SolutionConfigurationPlatforms) = preSolution
		Debug|Any CPU = Debug|Any CPU
		Release|Any CPU = Release|Any CPU
	EndGlobalSection
	GlobalSection(ProjectConfigurationPlatforms) = postSolution
		{5C6B6B89-B9E5-4894-8667-97BCCE1152B7}.Debug|Any CPU.ActiveCfg = Debug|Any CPU
		{5C6B6B89-B9E5-4894-8667-97BCCE1152B7}.Debug|Any CPU.Build.0 = Debug|Any CPU
		{5C6B6B89-B9E5-4894-8667-97BCCE1152B7}.Release|Any CPU.ActiveCfg = Release|Any CPU
		{5C6B6B89-B9E5-4894-8667-97BCCE1152B7}.Release|Any CPU.Build.0 = Release|Any CPU
		{88DAAA20-E43A-408C-9AD7-1F2856C4C434}.Debug|Any CPU.ActiveCfg = Debug|Any CPU
		{88DAAA20-E43A-408C-9AD7-1F2856C4C434}.Debug|Any CPU.Build.0 = Debug|Any CPU
		{88DAAA20-E43A-408C-9AD7-1F2856C4C434}.Release|Any CPU.ActiveCfg = Release|Any CPU
		{88DAAA20-E43A-408C-9AD7-1F2856C4C434}.Release|Any CPU.Build.0 = Release|Any CPU
		{A7443230-6CBB-4A81-842C-0722E30A841A}.Debug|Any CPU.ActiveCfg = Debug|Any CPU
		{A7443230-6CBB-4A81-842C-0722E30A841A}.Debug|Any CPU.Build.0 = Debug|Any CPU
		{A7443230-6CBB-4A81-842C-0722E30A841A}.Release|Any CPU.ActiveCfg = Release|Any CPU
		{A7443230-6CBB-4A81-842C-0722E30A841A}.Release|Any CPU.Build.0 = Release|Any CPU
		{04610491-BF7F-4E6F-80D9-E582003C8180}.Debug|Any CPU.ActiveCfg = Debug|Any CPU
		{04610491-BF7F-4E6F-80D9-E582003C8180}.Debug|Any CPU.Build.0 = Debug|Any CPU
		{04610491-BF7F-4E6F-80D9-E582003C8180}.Release|Any CPU.ActiveCfg = Release|Any CPU
		{04610491-BF7F-4E6F-80D9-E582003C8180}.Release|Any CPU.Build.0 = Release|Any CPU
		{16D6D74E-3254-49EF-A72E-6D6AC73FCD1F}.Debug|Any CPU.ActiveCfg = Debug|Any CPU
		{16D6D74E-3254-49EF-A72E-6D6AC73FCD1F}.Debug|Any CPU.Build.0 = Debug|Any CPU
		{16D6D74E-3254-49EF-A72E-6D6AC73FCD1F}.Release|Any CPU.ActiveCfg = Release|Any CPU
		{16D6D74E-3254-49EF-A72E-6D6AC73FCD1F}.Release|Any CPU.Build.0 = Release|Any CPU
		{053DFB0E-F71F-49A4-A594-3B0D5611DE3B}.Debug|Any CPU.ActiveCfg = Debug|Any CPU
		{053DFB0E-F71F-49A4-A594-3B0D5611DE3B}.Debug|Any CPU.Build.0 = Debug|Any CPU
		{053DFB0E-F71F-49A4-A594-3B0D5611DE3B}.Release|Any CPU.ActiveCfg = Release|Any CPU
		{053DFB0E-F71F-49A4-A594-3B0D5611DE3B}.Release|Any CPU.Build.0 = Release|Any CPU
	EndGlobalSection
	GlobalSection(SolutionProperties) = preSolution
		HideSolutionNode = FALSE
	EndGlobalSection
EndGlobal
